// !$*UTF8*$!
{
	archiveVersion = 1;
	classes = {
	};
	objectVersion = 50;
	objects = {

/* Begin PBXBuildFile section */
		70A2A4392446FDA1000A2562 /* AppDelegate.swift in Sources */ = {isa = PBXBuildFile; fileRef = 70A2A4382446FDA1000A2562 /* AppDelegate.swift */; };
		70A2A43B2446FDA1000A2562 /* SceneDelegate.swift in Sources */ = {isa = PBXBuildFile; fileRef = 70A2A43A2446FDA1000A2562 /* SceneDelegate.swift */; };
		70A2A43D2446FDA1000A2562 /* ViewController.swift in Sources */ = {isa = PBXBuildFile; fileRef = 70A2A43C2446FDA1000A2562 /* ViewController.swift */; };
		70A2A4402446FDA1000A2562 /* Main.storyboard in Resources */ = {isa = PBXBuildFile; fileRef = 70A2A43E2446FDA1000A2562 /* Main.storyboard */; };
		70A2A4422446FDA4000A2562 /* Assets.xcassets in Resources */ = {isa = PBXBuildFile; fileRef = 70A2A4412446FDA4000A2562 /* Assets.xcassets */; };
		70A2A4452446FDA4000A2562 /* LaunchScreen.storyboard in Resources */ = {isa = PBXBuildFile; fileRef = 70A2A4432446FDA4000A2562 /* LaunchScreen.storyboard */; };
		70A2A45124470BFC000A2562 /* Mask.swift in Sources */ = {isa = PBXBuildFile; fileRef = 70A2A45024470BFC000A2562 /* Mask.swift */; };
		70A2A45324472A8C000A2562 /* MaskAnnotation.swift in Sources */ = {isa = PBXBuildFile; fileRef = 70A2A45224472A8C000A2562 /* MaskAnnotation.swift */; };
		70E908352490C40C00D33B5B /* list@3x.png in Resources */ = {isa = PBXBuildFile; fileRef = 70E9082F2490C40C00D33B5B /* list@3x.png */; };
		70E908362490C40C00D33B5B /* map@3x.png in Resources */ = {isa = PBXBuildFile; fileRef = 70E908302490C40C00D33B5B /* map@3x.png */; };
		70E908372490C40C00D33B5B /* list.png in Resources */ = {isa = PBXBuildFile; fileRef = 70E908312490C40C00D33B5B /* list.png */; };
		70E908382490C40C00D33B5B /* map.png in Resources */ = {isa = PBXBuildFile; fileRef = 70E908322490C40C00D33B5B /* map.png */; };
		70E908392490C40C00D33B5B /* map@2x.png in Resources */ = {isa = PBXBuildFile; fileRef = 70E908332490C40C00D33B5B /* map@2x.png */; };
		70E9083A2490C40C00D33B5B /* list@2x.png in Resources */ = {isa = PBXBuildFile; fileRef = 70E908342490C40C00D33B5B /* list@2x.png */; };
		70E9083C2490C4E500D33B5B /* PharmacyTableViewCell.swift in Sources */ = {isa = PBXBuildFile; fileRef = 70E9083B2490C4E500D33B5B /* PharmacyTableViewCell.swift */; };
		70E9083E2490C4FA00D33B5B /* PharmacyTableViewController.swift in Sources */ = {isa = PBXBuildFile; fileRef = 70E9083D2490C4FA00D33B5B /* PharmacyTableViewController.swift */; };
		70E908422490F14800D33B5B /* MaskData.swift in Sources */ = {isa = PBXBuildFile; fileRef = 70E908412490F14800D33B5B /* MaskData.swift */; };
		70E908462490FDBC00D33B5B /* mask1.png in Resources */ = {isa = PBXBuildFile; fileRef = 70E908452490FDBC00D33B5B /* mask1.png */; };
/* End PBXBuildFile section */

/* Begin PBXFileReference section */
		70A2A4352446FDA1000A2562 /* MaskMap.app */ = {isa = PBXFileReference; explicitFileType = wrapper.application; includeInIndex = 0; path = MaskMap.app; sourceTree = BUILT_PRODUCTS_DIR; };
		70A2A4382446FDA1000A2562 /* AppDelegate.swift */ = {isa = PBXFileReference; lastKnownFileType = sourcecode.swift; path = AppDelegate.swift; sourceTree = "<group>"; };
		70A2A43A2446FDA1000A2562 /* SceneDelegate.swift */ = {isa = PBXFileReference; lastKnownFileType = sourcecode.swift; path = SceneDelegate.swift; sourceTree = "<group>"; };
		70A2A43C2446FDA1000A2562 /* ViewController.swift */ = {isa = PBXFileReference; lastKnownFileType = sourcecode.swift; path = ViewController.swift; sourceTree = "<group>"; };
		70A2A43F2446FDA1000A2562 /* Base */ = {isa = PBXFileReference; lastKnownFileType = file.storyboard; name = Base; path = Base.lproj/Main.storyboard; sourceTree = "<group>"; };
		70A2A4412446FDA4000A2562 /* Assets.xcassets */ = {isa = PBXFileReference; lastKnownFileType = folder.assetcatalog; path = Assets.xcassets; sourceTree = "<group>"; };
		70A2A4442446FDA4000A2562 /* Base */ = {isa = PBXFileReference; lastKnownFileType = file.storyboard; name = Base; path = Base.lproj/LaunchScreen.storyboard; sourceTree = "<group>"; };
		70A2A4462446FDA4000A2562 /* Info.plist */ = {isa = PBXFileReference; lastKnownFileType = text.plist.xml; path = Info.plist; sourceTree = "<group>"; };
		70A2A45024470BFC000A2562 /* Mask.swift */ = {isa = PBXFileReference; lastKnownFileType = sourcecode.swift; path = Mask.swift; sourceTree = "<group>"; };
		70A2A45224472A8C000A2562 /* MaskAnnotation.swift */ = {isa = PBXFileReference; lastKnownFileType = sourcecode.swift; path = MaskAnnotation.swift; sourceTree = "<group>"; };
		70E9082F2490C40C00D33B5B /* list@3x.png */ = {isa = PBXFileReference; lastKnownFileType = image.png; path = "list@3x.png"; sourceTree = "<group>"; };
		70E908302490C40C00D33B5B /* map@3x.png */ = {isa = PBXFileReference; lastKnownFileType = image.png; path = "map@3x.png"; sourceTree = "<group>"; };
		70E908312490C40C00D33B5B /* list.png */ = {isa = PBXFileReference; lastKnownFileType = image.png; path = list.png; sourceTree = "<group>"; };
		70E908322490C40C00D33B5B /* map.png */ = {isa = PBXFileReference; lastKnownFileType = image.png; path = map.png; sourceTree = "<group>"; };
		70E908332490C40C00D33B5B /* map@2x.png */ = {isa = PBXFileReference; lastKnownFileType = image.png; path = "map@2x.png"; sourceTree = "<group>"; };
		70E908342490C40C00D33B5B /* list@2x.png */ = {isa = PBXFileReference; lastKnownFileType = image.png; path = "list@2x.png"; sourceTree = "<group>"; };
		70E9083B2490C4E500D33B5B /* PharmacyTableViewCell.swift */ = {isa = PBXFileReference; lastKnownFileType = sourcecode.swift; path = PharmacyTableViewCell.swift; sourceTree = "<group>"; };
		70E9083D2490C4FA00D33B5B /* PharmacyTableViewController.swift */ = {isa = PBXFileReference; lastKnownFileType = sourcecode.swift; path = PharmacyTableViewController.swift; sourceTree = "<group>"; };
		70E908412490F14800D33B5B /* MaskData.swift */ = {isa = PBXFileReference; lastKnownFileType = sourcecode.swift; path = MaskData.swift; sourceTree = "<group>"; };
		70E908452490FDBC00D33B5B /* mask1.png */ = {isa = PBXFileReference; lastKnownFileType = image.png; path = mask1.png; sourceTree = "<group>"; };
/* End PBXFileReference section */

/* Begin PBXFrameworksBuildPhase section */
		70A2A4322446FDA1000A2562 /* Frameworks */ = {
			isa = PBXFrameworksBuildPhase;
			buildActionMask = 2147483647;
			files = (
			);
			runOnlyForDeploymentPostprocessing = 0;
		};
/* End PBXFrameworksBuildPhase section */

/* Begin PBXGroup section */
		70A2A42C2446FDA1000A2562 = {
			isa = PBXGroup;
			children = (
				70E9082E2490C3D100D33B5B /* images */,
				70A2A4372446FDA1000A2562 /* MaskMap */,
				70A2A4362446FDA1000A2562 /* Products */,
				70A2A4432446FDA4000A2562 /* LaunchScreen.storyboard */,
			);
			sourceTree = "<group>";
		};
		70A2A4362446FDA1000A2562 /* Products */ = {
			isa = PBXGroup;
			children = (
				70A2A4352446FDA1000A2562 /* MaskMap.app */,
			);
			name = Products;
			sourceTree = "<group>";
		};
		70A2A4372446FDA1000A2562 /* MaskMap */ = {
			isa = PBXGroup;
			children = (
				70A2A4382446FDA1000A2562 /* AppDelegate.swift */,
				70A2A43A2446FDA1000A2562 /* SceneDelegate.swift */,
				70A2A43C2446FDA1000A2562 /* ViewController.swift */,
				70A2A45224472A8C000A2562 /* MaskAnnotation.swift */,
				70A2A45024470BFC000A2562 /* Mask.swift */,
				70A2A43E2446FDA1000A2562 /* Main.storyboard */,
				70E9083B2490C4E500D33B5B /* PharmacyTableViewCell.swift */,
				70E9083D2490C4FA00D33B5B /* PharmacyTableViewController.swift */,
				70E908412490F14800D33B5B /* MaskData.swift */,
				70A2A4412446FDA4000A2562 /* Assets.xcassets */,
				70A2A4462446FDA4000A2562 /* Info.plist */,
			);
			path = MaskMap;
			sourceTree = "<group>";
		};
		70E9082E2490C3D100D33B5B /* images */ = {
			isa = PBXGroup;
			children = (
				70E908452490FDBC00D33B5B /* mask1.png */,
				70E908312490C40C00D33B5B /* list.png */,
				70E908342490C40C00D33B5B /* list@2x.png */,
				70E9082F2490C40C00D33B5B /* list@3x.png */,
				70E908322490C40C00D33B5B /* map.png */,
				70E908332490C40C00D33B5B /* map@2x.png */,
				70E908302490C40C00D33B5B /* map@3x.png */,
			);
			path = images;
			sourceTree = "<group>";
		};
/* End PBXGroup section */

/* Begin PBXNativeTarget section */
		70A2A4342446FDA1000A2562 /* MaskMap */ = {
			isa = PBXNativeTarget;
			buildConfigurationList = 70A2A4492446FDA4000A2562 /* Build configuration list for PBXNativeTarget "MaskMap" */;
			buildPhases = (
				70A2A4312446FDA1000A2562 /* Sources */,
				70A2A4322446FDA1000A2562 /* Frameworks */,
				70A2A4332446FDA1000A2562 /* Resources */,
			);
			buildRules = (
			);
			dependencies = (
			);
			name = MaskMap;
			productName = MaskMap;
			productReference = 70A2A4352446FDA1000A2562 /* MaskMap.app */;
			productType = "com.apple.product-type.application";
		};
/* End PBXNativeTarget section */

/* Begin PBXProject section */
		70A2A42D2446FDA1000A2562 /* Project object */ = {
			isa = PBXProject;
			attributes = {
				LastSwiftUpdateCheck = 1130;
				LastUpgradeCheck = 1130;
				ORGANIZATIONNAME = Bozin;
				TargetAttributes = {
					70A2A4342446FDA1000A2562 = {
						CreatedOnToolsVersion = 11.3;
					};
				};
			};
			buildConfigurationList = 70A2A4302446FDA1000A2562 /* Build configuration list for PBXProject "MaskMap" */;
			compatibilityVersion = "Xcode 9.3";
			developmentRegion = en;
			hasScannedForEncodings = 0;
			knownRegions = (
				en,
				Base,
			);
			mainGroup = 70A2A42C2446FDA1000A2562;
			productRefGroup = 70A2A4362446FDA1000A2562 /* Products */;
			projectDirPath = "";
			projectRoot = "";
			targets = (
				70A2A4342446FDA1000A2562 /* MaskMap */,
			);
		};
/* End PBXProject section */

/* Begin PBXResourcesBuildPhase section */
		70A2A4332446FDA1000A2562 /* Resources */ = {
			isa = PBXResourcesBuildPhase;
			buildActionMask = 2147483647;
			files = (
				70A2A4452446FDA4000A2562 /* LaunchScreen.storyboard in Resources */,
				70E908462490FDBC00D33B5B /* mask1.png in Resources */,
				70E908362490C40C00D33B5B /* map@3x.png in Resources */,
				70E908352490C40C00D33B5B /* list@3x.png in Resources */,
				70A2A4422446FDA4000A2562 /* Assets.xcassets in Resources */,
				70E9083A2490C40C00D33B5B /* list@2x.png in Resources */,
				70E908382490C40C00D33B5B /* map.png in Resources */,
				70E908392490C40C00D33B5B /* map@2x.png in Resources */,
				70A2A4402446FDA1000A2562 /* Main.storyboard in Resources */,
				70E908372490C40C00D33B5B /* list.png in Resources */,
			);
			runOnlyForDeploymentPostprocessing = 0;
		};
/* End PBXResourcesBuildPhase section */

/* Begin PBXSourcesBuildPhase section */
		70A2A4312446FDA1000A2562 /* Sources */ = {
			isa = PBXSourcesBuildPhase;
			buildActionMask = 2147483647;
			files = (
				70A2A43D2446FDA1000A2562 /* ViewController.swift in Sources */,
				70A2A45324472A8C000A2562 /* MaskAnnotation.swift in Sources */,
				70A2A45124470BFC000A2562 /* Mask.swift in Sources */,
				70E908422490F14800D33B5B /* MaskData.swift in Sources */,
				70A2A4392446FDA1000A2562 /* AppDelegate.swift in Sources */,
				70E9083C2490C4E500D33B5B /* PharmacyTableViewCell.swift in Sources */,
				70E9083E2490C4FA00D33B5B /* PharmacyTableViewController.swift in Sources */,
				70A2A43B2446FDA1000A2562 /* SceneDelegate.swift in Sources */,
			);
			runOnlyForDeploymentPostprocessing = 0;
		};
/* End PBXSourcesBuildPhase section */

/* Begin PBXVariantGroup section */
		70A2A43E2446FDA1000A2562 /* Main.storyboard */ = {
			isa = PBXVariantGroup;
			children = (
				70A2A43F2446FDA1000A2562 /* Base */,
			);
			name = Main.storyboard;
			sourceTree = "<group>";
		};
		70A2A4432446FDA4000A2562 /* LaunchScreen.storyboard */ = {
			isa = PBXVariantGroup;
			children = (
				70A2A4442446FDA4000A2562 /* Base */,
			);
			name = LaunchScreen.storyboard;
			sourceTree = "<group>";
		};
/* End PBXVariantGroup section */

/* Begin XCBuildConfiguration section */
		70A2A4472446FDA4000A2562 /* Debug */ = {
			isa = XCBuildConfiguration;
			buildSettings = {
				ALWAYS_SEARCH_USER_PATHS = NO;
				CLANG_ANALYZER_NONNULL = YES;
				CLANG_ANALYZER_NUMBER_OBJECT_CONVERSION = YES_AGGRESSIVE;
				CLANG_CXX_LANGUAGE_STANDARD = "gnu++14";
				CLANG_CXX_LIBRARY = "libc++";
				CLANG_ENABLE_MODULES = YES;
				CLANG_ENABLE_OBJC_ARC = YES;
				CLANG_ENABLE_OBJC_WEAK = YES;
				CLANG_WARN_BLOCK_CAPTURE_AUTORELEASING = YES;
				CLANG_WARN_BOOL_CONVERSION = YES;
				CLANG_WARN_COMMA = YES;
				CLANG_WARN_CONSTANT_CONVERSION = YES;
				CLANG_WARN_DEPRECATED_OBJC_IMPLEMENTATIONS = YES;
				CLANG_WARN_DIRECT_OBJC_ISA_USAGE = YES_ERROR;
				CLANG_WARN_DOCUMENTATION_COMMENTS = YES;
				CLANG_WARN_EMPTY_BODY = YES;
				CLANG_WARN_ENUM_CONVERSION = YES;
				CLANG_WARN_INFINITE_RECURSION = YES;
				CLANG_WARN_INT_CONVERSION = YES;
				CLANG_WARN_NON_LITERAL_NULL_CONVERSION = YES;
				CLANG_WARN_OBJC_IMPLICIT_RETAIN_SELF = YES;
				CLANG_WARN_OBJC_LITERAL_CONVERSION = YES;
				CLANG_WARN_OBJC_ROOT_CLASS = YES_ERROR;
				CLANG_WARN_RANGE_LOOP_ANALYSIS = YES;
				CLANG_WARN_STRICT_PROTOTYPES = YES;
				CLANG_WARN_SUSPICIOUS_MOVE = YES;
				CLANG_WARN_UNGUARDED_AVAILABILITY = YES_AGGRESSIVE;
				CLANG_WARN_UNREACHABLE_CODE = YES;
				CLANG_WARN__DUPLICATE_METHOD_MATCH = YES;
				COPY_PHASE_STRIP = NO;
				DEBUG_INFORMATION_FORMAT = dwarf;
				ENABLE_STRICT_OBJC_MSGSEND = YES;
				ENABLE_TESTABILITY = YES;
				GCC_C_LANGUAGE_STANDARD = gnu11;
				GCC_DYNAMIC_NO_PIC = NO;
				GCC_NO_COMMON_BLOCKS = YES;
				GCC_OPTIMIZATION_LEVEL = 0;
				GCC_PREPROCESSOR_DEFINITIONS = (
					"DEBUG=1",
					"$(inherited)",
				);
				GCC_WARN_64_TO_32_BIT_CONVERSION = YES;
				GCC_WARN_ABOUT_RETURN_TYPE = YES_ERROR;
				GCC_WARN_UNDECLARED_SELECTOR = YES;
				GCC_WARN_UNINITIALIZED_AUTOS = YES_AGGRESSIVE;
				GCC_WARN_UNUSED_FUNCTION = YES;
				GCC_WARN_UNUSED_VARIABLE = YES;
				IPHONEOS_DEPLOYMENT_TARGET = 13.2;
				MTL_ENABLE_DEBUG_INFO = INCLUDE_SOURCE;
				MTL_FAST_MATH = YES;
				ONLY_ACTIVE_ARCH = YES;
				SDKROOT = iphoneos;
				SWIFT_ACTIVE_COMPILATION_CONDITIONS = DEBUG;
				SWIFT_OPTIMIZATION_LEVEL = "-Onone";
			};
			name = Debug;
		};
		70A2A4482446FDA4000A2562 /* Release */ = {
			isa = XCBuildConfiguration;
			buildSettings = {
				ALWAYS_SEARCH_USER_PATHS = NO;
				CLANG_ANALYZER_NONNULL = YES;
				CLANG_ANALYZER_NUMBER_OBJECT_CONVERSION = YES_AGGRESSIVE;
				CLANG_CXX_LANGUAGE_STANDARD = "gnu++14";
				CLANG_CXX_LIBRARY = "libc++";
				CLANG_ENABLE_MODULES = YES;
				CLANG_ENABLE_OBJC_ARC = YES;
				CLANG_ENABLE_OBJC_WEAK = YES;
				CLANG_WARN_BLOCK_CAPTURE_AUTORELEASING = YES;
				CLANG_WARN_BOOL_CONVERSION = YES;
				CLANG_WARN_COMMA = YES;
				CLANG_WARN_CONSTANT_CONVERSION = YES;
				CLANG_WARN_DEPRECATED_OBJC_IMPLEMENTATIONS = YES;
				CLANG_WARN_DIRECT_OBJC_ISA_USAGE = YES_ERROR;
				CLANG_WARN_DOCUMENTATION_COMMENTS = YES;
				CLANG_WARN_EMPTY_BODY = YES;
				CLANG_WARN_ENUM_CONVERSION = YES;
				CLANG_WARN_INFINITE_RECURSION = YES;
				CLANG_WARN_INT_CONVERSION = YES;
				CLANG_WARN_NON_LITERAL_NULL_CONVERSION = YES;
				CLANG_WARN_OBJC_IMPLICIT_RETAIN_SELF = YES;
				CLANG_WARN_OBJC_LITERAL_CONVERSION = YES;
				CLANG_WARN_OBJC_ROOT_CLASS = YES_ERROR;
				CLANG_WARN_RANGE_LOOP_ANALYSIS = YES;
				CLANG_WARN_STRICT_PROTOTYPES = YES;
				CLANG_WARN_SUSPICIOUS_MOVE = YES;
				CLANG_WARN_UNGUARDED_AVAILABILITY = YES_AGGRESSIVE;
				CLANG_WARN_UNREACHABLE_CODE = YES;
				CLANG_WARN__DUPLICATE_METHOD_MATCH = YES;
				COPY_PHASE_STRIP = NO;
				DEBUG_INFORMATION_FORMAT = "dwarf-with-dsym";
				ENABLE_NS_ASSERTIONS = NO;
				ENABLE_STRICT_OBJC_MSGSEND = YES;
				GCC_C_LANGUAGE_STANDARD = gnu11;
				GCC_NO_COMMON_BLOCKS = YES;
				GCC_WARN_64_TO_32_BIT_CONVERSION = YES;
				GCC_WARN_ABOUT_RETURN_TYPE = YES_ERROR;
				GCC_WARN_UNDECLARED_SELECTOR = YES;
				GCC_WARN_UNINITIALIZED_AUTOS = YES_AGGRESSIVE;
				GCC_WARN_UNUSED_FUNCTION = YES;
				GCC_WARN_UNUSED_VARIABLE = YES;
				IPHONEOS_DEPLOYMENT_TARGET = 13.2;
				MTL_ENABLE_DEBUG_INFO = NO;
				MTL_FAST_MATH = YES;
				SDKROOT = iphoneos;
				SWIFT_COMPILATION_MODE = wholemodule;
				SWIFT_OPTIMIZATION_LEVEL = "-O";
				VALIDATE_PRODUCT = YES;
			};
			name = Release;
		};
		70A2A44A2446FDA4000A2562 /* Debug */ = {
			isa = XCBuildConfiguration;
			buildSettings = {
				ASSETCATALOG_COMPILER_APPICON_NAME = AppIcon;
				CODE_SIGN_STYLE = Automatic;
				DEVELOPMENT_TEAM = 7B4C4DSQ93;
				INFOPLIST_FILE = MaskMap/Info.plist;
				IPHONEOS_DEPLOYMENT_TARGET = 13.2;
				LD_RUNPATH_SEARCH_PATHS = (
					"$(inherited)",
					"@executable_path/Frameworks",
				);
				PRODUCT_BUNDLE_IDENTIFIER = com.Bozin.MaskMap;
				PRODUCT_NAME = "$(TARGET_NAME)";
				SWIFT_VERSION = 5.0;
				TARGETED_DEVICE_FAMILY = "1,2";
			};
			name = Debug;
		};
		70A2A44B2446FDA4000A2562 /* Release */ = {
			isa = XCBuildConfiguration;
			buildSettings = {
				ASSETCATALOG_COMPILER_APPICON_NAME = AppIcon;
				CODE_SIGN_STYLE = Automatic;
				DEVELOPMENT_TEAM = 7B4C4DSQ93;
				INFOPLIST_FILE = MaskMap/Info.plist;
				IPHONEOS_DEPLOYMENT_TARGET = 13.2;
				LD_RUNPATH_SEARCH_PATHS = (
					"$(inherited)",
					"@executable_path/Frameworks",
				);
				PRODUCT_BUNDLE_IDENTIFIER = com.Bozin.MaskMap;
				PRODUCT_NAME = "$(TARGET_NAME)";
				SWIFT_VERSION = 5.0;
				TARGETED_DEVICE_FAMILY = "1,2";
			};
			name = Release;
		};
/* End XCBuildConfiguration section */

/* Begin XCConfigurationList section */
		70A2A4302446FDA1000A2562 /* Build configuration list for PBXProject "MaskMap" */ = {
			isa = XCConfigurationList;
			buildConfigurations = (
				70A2A4472446FDA4000A2562 /* Debug */,
				70A2A4482446FDA4000A2562 /* Release */,
			);
			defaultConfigurationIsVisible = 0;
			defaultConfigurationName = Release;
		};
		70A2A4492446FDA4000A2562 /* Build configuration list for PBXNativeTarget "MaskMap" */ = {
			isa = XCConfigurationList;
			buildConfigurations = (
				70A2A44A2446FDA4000A2562 /* Debug */,
				70A2A44B2446FDA4000A2562 /* Release */,
			);
			defaultConfigurationIsVisible = 0;
			defaultConfigurationName = Release;
		};
/* End XCConfigurationList section */
	};
	rootObject = 70A2A42D2446FDA1000A2562 /* Project object */;
}
